{
    "_readme": [
        "This file locks the dependencies of your project to a known state",
        "Read more about it at https://getcomposer.org/doc/01-basic-usage.md#installing-dependencies",
        "This file is @generated automatically"
    ],
    "content-hash": "3a291d557541718a42599f9ec743e084",
    "packages": [
        {
            "name": "ck/file_marc_reference",
            "version": "v1.2.0",
            "source": {
                "type": "git",
                "url": "https://github.com/MARCspec/File_MARC_Reference.git",
                "reference": "29abbff5bec5e3bcfeeb07ba7bee94cc0a0a7f5e"
            },
            "dist": {
                "type": "zip",
                "url": "https://api.github.com/repos/MARCspec/File_MARC_Reference/zipball/29abbff5bec5e3bcfeeb07ba7bee94cc0a0a7f5e",
                "reference": "29abbff5bec5e3bcfeeb07ba7bee94cc0a0a7f5e",
                "shasum": ""
            },
            "require": {
                "ck/php-marcspec": "^2.0",
                "pear/file_marc": "@dev",
                "php": ">=5.6"
            },
            "require-dev": {
                "phpunit/phpunit": "^5.7 | ^6"
            },
            "type": "library",
            "autoload": {
                "classmap": [
                    "src/"
                ]
            },
            "notification-url": "https://packagist.org/downloads/",
            "license": [
                "MIT"
            ],
            "authors": [
                {
                    "name": "Carsten Klee",
                    "homepage": "http://collidoscope.de",
                    "role": "Developer"
                }
            ],
            "description": "MARCspec adapter for File_MARC",
            "keywords": [
                "File_MARC",
                "MARC 21",
                "MARCspec"
            ],
            "time": "2017-12-01T09:16:45+00:00"
        },
        {
            "name": "ck/php-marcspec",
            "version": "2.0.3",
            "source": {
                "type": "git",
                "url": "https://github.com/MARCspec/php-marc-spec.git",
                "reference": "853d77ad3d510ce05c33535bfa3f1068dccdeef6"
            },
            "dist": {
                "type": "zip",
                "url": "https://api.github.com/repos/MARCspec/php-marc-spec/zipball/853d77ad3d510ce05c33535bfa3f1068dccdeef6",
                "reference": "853d77ad3d510ce05c33535bfa3f1068dccdeef6",
                "shasum": ""
            },
            "require": {
                "php": ">=5.6"
            },
            "require-dev": {
                "ck/marcspec-test-suite": "@dev",
                "phpunit/phpunit": "^5.7 | ^6"
            },
            "type": "library",
            "autoload": {
                "psr-4": {
                    "CK\\MARCspec\\": "src/",
                    "CK\\MARCspec\\Exception\\": "src/Exception/"
                }
            },
            "notification-url": "https://packagist.org/downloads/",
            "license": [
                "MIT"
            ],
            "authors": [
                {
                    "name": "Carsten Klee",
                    "homepage": "http://collidoscope.de",
                    "role": "Developer"
                }
            ],
            "description": "PHP based MARCspec parser and validator",
            "keywords": [
                "MARC 21",
                "MARCspec"
            ],
            "time": "2017-12-12T08:18:18+00:00"
        },
        {
            "name": "pear/file_marc",
            "version": "1.4.1",
            "source": {
                "type": "git",
                "url": "https://github.com/pear/File_MARC.git",
                "reference": "a4997f93d13933ad478cd8b6f43c6345d7388a70"
            },
            "dist": {
                "type": "zip",
                "url": "https://api.github.com/repos/pear/File_MARC/zipball/a4997f93d13933ad478cd8b6f43c6345d7388a70",
                "reference": "a4997f93d13933ad478cd8b6f43c6345d7388a70",
                "shasum": ""
            },
            "require": {
                "pear/pear_exception": "1.*"
            },
            "require-dev": {
                "phpunit/phpunit": "*",
                "squizlabs/php_codesniffer": "*"
            },
            "suggest": {
                "pear/validate_ispn": "Install optionally via your project's composer.json"
            },
            "type": "library",
            "autoload": {
                "psr-0": {
                    "File": "./"
                },
                "classmap": [
                    "./File/MARC/Data_Field.php",
                    "./File/MARC/Control_Field.php"
                ]
            },
            "notification-url": "https://packagist.org/downloads/",
            "include-path": [
                "./"
            ],
            "license": [
                "LGPL-2.1"
            ],
            "authors": [
                {
                    "name": "Dan Scott",
                    "email": "dbs@php.net",
                    "homepage": "https://coffeecode.net",
                    "role": "Lead"
                }
            ],
            "description": "Supports the MAchine Readable Cataloging (MARC) file format documented at http://loc.gov/marc/",
            "time": "2019-11-13T17:33:56+00:00"
        },
        {
            "name": "pear/pear_exception",
            "version": "v1.0.1",
            "source": {
                "type": "git",
                "url": "https://github.com/pear/PEAR_Exception.git",
                "reference": "dbb42a5a0e45f3adcf99babfb2a1ba77b8ac36a7"
            },
            "dist": {
                "type": "zip",
                "url": "https://api.github.com/repos/pear/PEAR_Exception/zipball/dbb42a5a0e45f3adcf99babfb2a1ba77b8ac36a7",
                "reference": "dbb42a5a0e45f3adcf99babfb2a1ba77b8ac36a7",
                "shasum": ""
            },
            "require": {
                "php": ">=4.4.0"
            },
            "require-dev": {
                "phpunit/phpunit": "*"
            },
            "type": "class",
            "extra": {
                "branch-alias": {
                    "dev-master": "1.0.x-dev"
                }
            },
            "autoload": {
                "classmap": [
                    "PEAR/"
                ]
            },
            "notification-url": "https://packagist.org/downloads/",
            "include-path": [
                "."
            ],
            "license": [
                "BSD-2-Clause"
            ],
            "authors": [
                {
                    "name": "Helgi Thormar",
                    "email": "dufuz@php.net"
                },
                {
                    "name": "Greg Beaver",
                    "email": "cellog@php.net"
                }
            ],
            "description": "The PEAR Exception base class.",
            "homepage": "https://github.com/pear/PEAR_Exception",
            "keywords": [
                "exception"
            ],
            "time": "2019-12-10T10:24:42+00:00"
        },
        {
            "name": "scriptotek/marc",
            "version": "v2.1.0",
            "source": {
                "type": "git",
                "url": "https://github.com/scriptotek/php-marc.git",
                "reference": "70d45e3b6dc5dab4eff4a942d50b018da316ea60"
            },
            "dist": {
                "type": "zip",
                "url": "https://api.github.com/repos/scriptotek/php-marc/zipball/70d45e3b6dc5dab4eff4a942d50b018da316ea60",
                "reference": "70d45e3b6dc5dab4eff4a942d50b018da316ea60",
                "shasum": ""
            },
            "require": {
                "ck/file_marc_reference": "^1.2",
                "ext-json": "*",
                "ext-xml": "*",
                "pear/file_marc": "^1.4.1",
                "php": ">=5.6"
            },
            "require-dev": {
                "phpunit/phpunit": "^5.7 | ^6.0 | ^7.0",
                "squizlabs/php_codesniffer": "^3.3"
            },
            "type": "library",
            "autoload": {
                "psr-4": {
                    "Scriptotek\\Marc\\": "src/",
                    "Tests\\": "tests/"
                }
            },
            "notification-url": "https://packagist.org/downloads/",
            "license": [
                "MIT"
            ],
            "authors": [
                {
                    "name": "Dan Michael O. Heggø",
                    "email": "d.m.heggo@ub.uio.no"
                }
            ],
            "description": "Simple interface to parsing MARC records using File_MARC",
            "keywords": [
                "marc"
            ],
            "time": "2019-11-20T22:48:17+00:00"
        }
    ],
    "packages-dev": [],
    "aliases": [],
    "minimum-stability": "stable",
    "stability-flags": [],
    "prefer-stable": false,
    "prefer-lowest": false,
    "platform": [],
    "platform-dev": [],
    "plugin-api-version": "1.1.0"
}
